Microsoft Visual Studio Solution File, Format Version 12.00
# Visual Studio Version 17
VisualStudioVersion = 17.0.31903.59
MinimumVisualStudioVersion = 10.0.40219.1
Project("{FAE04EC0-301F-11D3-BF4B-00C04F79EFBC}") = "EventManagementSystem", "EventManagementSystem\EventManagementSystem.csproj", "{D1F35441-9ACB-4C8F-8D0C-F6B9F0FF8543}"
EndProject
Global
	GlobalSection(SolutionConfigurationPlatforms) = preSolution
		Debug|Any CPU = Debug|Any CPU
		Release|Any CPU = Release|Any CPU
	EndGlobalSection
	GlobalSection(SolutionProperties) = preSolution
		HideSolutionNode = FALSE
	EndGlobalSection
	GlobalSection(ProjectConfigurationPlatforms) = postSolution
		{D1F35441-9ACB-4C8F-8D0C-F6B9F0FF8543}.Debug|Any CPU.ActiveCfg = Debug|Any CPU
		{D1F35441-9ACB-4C8F-8D0C-F6B9F0FF8543}.Debug|Any CPU.Build.0 = Debug|Any CPU
		{D1F35441-9ACB-4C8F-8D0C-F6B9F0FF8543}.Release|Any CPU.ActiveCfg = Release|Any CPU
		{D1F35441-9ACB-4C8F-8D0C-F6B9F0FF8543}.Release|Any CPU.Build.0 = Release|Any CPU
	EndGlobalSection
EndGlobal 